
Microsoft Visual Studio Solution File, Format Version 11.00
# Visual Studio 2010
Project("{FAE04EC0-301F-11D3-BF4B-00C04F79EFBC}") = "Assembly-CSharp", "Assembly-CSharp.csproj", "{213249BD-7817-978D-BB00-8781BC277B8E}"
EndProject
Project("{FAE04EC0-301F-11D3-BF4B-00C04F79EFBC}") = "Assembly-CSharp-Editor", "Assembly-CSharp-Editor.csproj", "{D68F348B-7D0E-1690-7E26-A63DC54590C2}"
EndProject
Global
	GlobalSection(SolutionConfigurationPlatforms) = preSolution
		Debug|Any CPU = Debug|Any CPU
		Release|Any CPU = Release|Any CPU
	EndGlobalSection
	GlobalSection(ProjectConfigurationPlatforms) = postSolution
		{213249BD-7817-978D-BB00-8781BC277B8E}.Debug|Any CPU.ActiveCfg = Debug|Any CPU
		{213249BD-7817-978D-BB00-8781BC277B8E}.Debug|Any CPU.Build.0 = Debug|Any CPU
		{213249BD-7817-978D-BB00-8781BC277B8E}.Release|Any CPU.ActiveCfg = Release|Any CPU
		{213249BD-7817-978D-BB00-8781BC277B8E}.Release|Any CPU.Build.0 = Release|Any CPU
		{D68F348B-7D0E-1690-7E26-A63DC54590C2}.Debug|Any CPU.ActiveCfg = Debug|Any CPU
		{D68F348B-7D0E-1690-7E26-A63DC54590C2}.Debug|Any CPU.Build.0 = Debug|Any CPU
		{D68F348B-7D0E-1690-7E26-A63DC54590C2}.Release|Any CPU.ActiveCfg = Release|Any CPU
		{D68F348B-7D0E-1690-7E26-A63DC54590C2}.Release|Any CPU.Build.0 = Release|Any CPU
	EndGlobalSection
	GlobalSection(SolutionProperties) = preSolution
		HideSolutionNode = FALSE
	EndGlobalSection
EndGlobal
