
Microsoft Visual Studio Solution File, Format Version 11.00
# Visual Studio 2010
Project("{FAE04EC0-301F-11D3-BF4B-00C04F79EFBC}") = "Assembly-CSharp", "Assembly-CSharp.csproj", "{51D7B5B2-B7CB-762D-D80B-31D2B4774E84}"
EndProject
Project("{FAE04EC0-301F-11D3-BF4B-00C04F79EFBC}") = "Assembly-CSharp-Editor", "Assembly-CSharp-Editor.csproj", "{6B0A6F9C-E571-52A0-8FD7-7AE3E15A7714}"
EndProject
Global
	GlobalSection(SolutionConfigurationPlatforms) = preSolution
		Debug|Any CPU = Debug|Any CPU
		Release|Any CPU = Release|Any CPU
	EndGlobalSection
	GlobalSection(ProjectConfigurationPlatforms) = postSolution
		{51D7B5B2-B7CB-762D-D80B-31D2B4774E84}.Debug|Any CPU.ActiveCfg = Debug|Any CPU
		{51D7B5B2-B7CB-762D-D80B-31D2B4774E84}.Debug|Any CPU.Build.0 = Debug|Any CPU
		{51D7B5B2-B7CB-762D-D80B-31D2B4774E84}.Release|Any CPU.ActiveCfg = Release|Any CPU
		{51D7B5B2-B7CB-762D-D80B-31D2B4774E84}.Release|Any CPU.Build.0 = Release|Any CPU
		{6B0A6F9C-E571-52A0-8FD7-7AE3E15A7714}.Debug|Any CPU.ActiveCfg = Debug|Any CPU
		{6B0A6F9C-E571-52A0-8FD7-7AE3E15A7714}.Debug|Any CPU.Build.0 = Debug|Any CPU
		{6B0A6F9C-E571-52A0-8FD7-7AE3E15A7714}.Release|Any CPU.ActiveCfg = Release|Any CPU
		{6B0A6F9C-E571-52A0-8FD7-7AE3E15A7714}.Release|Any CPU.Build.0 = Release|Any CPU
	EndGlobalSection
	GlobalSection(SolutionProperties) = preSolution
		HideSolutionNode = FALSE
	EndGlobalSection
EndGlobal
